
Microsoft Visual Studio Solution File, Format Version 12.00
# Visual Studio 15
VisualStudioVersion = 15.0.27703.2026
MinimumVisualStudioVersion = 10.0.40219.1
Project("{FAE04EC0-301F-11D3-BF4B-00C04F79EFBC}") = "QuizzCross", "QuizzCross.csproj", "{FCC26EA2-934E-430C-8254-E27AE03D18C2}"
EndProject
Global
	GlobalSection(SolutionConfigurationPlatforms) = preSolution
		Debug|Any CPU = Debug|Any CPU
		Release|Any CPU = Release|Any CPU
	EndGlobalSection
	GlobalSection(ProjectConfigurationPlatforms) = postSolution
		{FCC26EA2-934E-430C-8254-E27AE03D18C2}.Debug|Any CPU.ActiveCfg = Debug|Any CPU
		{FCC26EA2-934E-430C-8254-E27AE03D18C2}.Debug|Any CPU.Build.0 = Debug|Any CPU
		{FCC26EA2-934E-430C-8254-E27AE03D18C2}.Release|Any CPU.ActiveCfg = Release|Any CPU
		{FCC26EA2-934E-430C-8254-E27AE03D18C2}.Release|Any CPU.Build.0 = Release|Any CPU
	EndGlobalSection
	GlobalSection(SolutionProperties) = preSolution
		HideSolutionNode = FALSE
	EndGlobalSection
	GlobalSection(ExtensibilityGlobals) = postSolution
		SolutionGuid = {0BB459E8-E3DC-4E2E-90A6-7BE742AEEEC5}
	EndGlobalSection
EndGlobal
