
Microsoft Visual Studio Solution File, Format Version 12.00
# Visual Studio 15
VisualStudioVersion = 15.0.27703.2026
MinimumVisualStudioVersion = 10.0.40219.1
Project("{FAE04EC0-301F-11D3-BF4B-00C04F79EFBC}") = "GestioneProgetto", "GestioneProgetto.csproj", "{AB101C93-3423-4197-B873-8C08C33DF684}"
EndProject
Global
	GlobalSection(SolutionConfigurationPlatforms) = preSolution
		Debug|Any CPU = Debug|Any CPU
		Release|Any CPU = Release|Any CPU
	EndGlobalSection
	GlobalSection(ProjectConfigurationPlatforms) = postSolution
		{AB101C93-3423-4197-B873-8C08C33DF684}.Debug|Any CPU.ActiveCfg = Debug|Any CPU
		{AB101C93-3423-4197-B873-8C08C33DF684}.Debug|Any CPU.Build.0 = Debug|Any CPU
		{AB101C93-3423-4197-B873-8C08C33DF684}.Release|Any CPU.ActiveCfg = Release|Any CPU
		{AB101C93-3423-4197-B873-8C08C33DF684}.Release|Any CPU.Build.0 = Release|Any CPU
	EndGlobalSection
	GlobalSection(SolutionProperties) = preSolution
		HideSolutionNode = FALSE
	EndGlobalSection
	GlobalSection(ExtensibilityGlobals) = postSolution
		SolutionGuid = {D480BBAF-9F90-4DD8-A2FA-5DBB5ED2D466}
	EndGlobalSection
EndGlobal
